
Microsoft Visual Studio Solution File, Format Version 12.00
# Visual Studio Version 16
VisualStudioVersion = 16.0.30621.155
MinimumVisualStudioVersion = 10.0.40219.1
Project("{8BC9CEB8-8B4A-11D0-8D11-00A0C91BC942}") = "LAB_4+++", "LAB_4+++\LAB_4+++.vcxproj", "{2A916FC0-4B7C-472E-8466-18BB8F9346EE}"
EndProject
Global
	GlobalSection(SolutionConfigurationPlatforms) = preSolution
		Debug|x64 = Debug|x64
		Debug|x86 = Debug|x86
		Release|x64 = Release|x64
		Release|x86 = Release|x86
	EndGlobalSection
	GlobalSection(ProjectConfigurationPlatforms) = postSolution
		{2A916FC0-4B7C-472E-8466-18BB8F9346EE}.Debug|x64.ActiveCfg = Debug|x64
		{2A916FC0-4B7C-472E-8466-18BB8F9346EE}.Debug|x64.Build.0 = Debug|x64
		{2A916FC0-4B7C-472E-8466-18BB8F9346EE}.Debug|x86.ActiveCfg = Debug|Win32
		{2A916FC0-4B7C-472E-8466-18BB8F9346EE}.Debug|x86.Build.0 = Debug|Win32
		{2A916FC0-4B7C-472E-8466-18BB8F9346EE}.Release|x64.ActiveCfg = Release|x64
		{2A916FC0-4B7C-472E-8466-18BB8F9346EE}.Release|x64.Build.0 = Release|x64
		{2A916FC0-4B7C-472E-8466-18BB8F9346EE}.Release|x86.ActiveCfg = Release|Win32
		{2A916FC0-4B7C-472E-8466-18BB8F9346EE}.Release|x86.Build.0 = Release|Win32
	EndGlobalSection
	GlobalSection(SolutionProperties) = preSolution
		HideSolutionNode = FALSE
	EndGlobalSection
	GlobalSection(ExtensibilityGlobals) = postSolution
		SolutionGuid = {3B976D89-E425-4812-9352-8E2AF1B78543}
	EndGlobalSection
EndGlobal
